# @generated - this file is auto-generated by `mise lock` https://mise.jdx.dev/dev-tools/mise-lock.html

lockfile_version = 3

[[tools.uv]]
version = "0.12.13"
backend = "aqua:astral-sh/uv"
specifiers = ["0.12.13"]

[tools.uv."platforms.linux-x64"]
checksum = "sha256:745765a3b6e360ad76743599ae5c42e9278c7edf8bbff9fc76d05bf2623a04dd"
url = "https://github.com/astral-sh/uv/releases/download/0.12.13/uv-x86_64-unknown-linux-gnu.tar.gz"
url_api = "https://api.github.com/repos/astral-sh/uv/releases/assets/555670375"
provenance = "github-attestations"
